
Microsoft Visual Studio Solution File, Format Version 12.00
# Visual Studio Version 17
VisualStudioVersion = 17.11.35208.52
MinimumVisualStudioVersion = 10.0.40219.1
Project("{FAE04EC0-301F-11D3-BF4B-00C04F79EFBC}") = "COMP3300Assignment9UkariOverby", "COMP3300Assignment9UkariOverby\COMP3300Assignment9UkariOverby.csproj", "{051C0C98-E54C-4E54-AAFB-AA1F638442BA}"
EndProject
Global
	GlobalSection(SolutionConfigurationPlatforms) = preSolution
		Debug|Any CPU = Debug|Any CPU
		Release|Any CPU = Release|Any CPU
	EndGlobalSection
	GlobalSection(ProjectConfigurationPlatforms) = postSolution
		{051C0C98-E54C-4E54-AAFB-AA1F638442BA}.Debug|Any CPU.ActiveCfg = Debug|Any CPU
		{051C0C98-E54C-4E54-AAFB-AA1F638442BA}.Debug|Any CPU.Build.0 = Debug|Any CPU
		{051C0C98-E54C-4E54-AAFB-AA1F638442BA}.Release|Any CPU.ActiveCfg = Release|Any CPU
		{051C0C98-E54C-4E54-AAFB-AA1F638442BA}.Release|Any CPU.Build.0 = Release|Any CPU
	EndGlobalSection
	GlobalSection(SolutionProperties) = preSolution
		HideSolutionNode = FALSE
	EndGlobalSection
	GlobalSection(ExtensibilityGlobals) = postSolution
		SolutionGuid = {085E394E-B0C5-4336-94A3-0AFFE29E4504}
	EndGlobalSection
EndGlobal
